<?xml version="1.0" encoding="UTF-8" standalone="yes" ?>
<CodeBlocks_project_file>
	<FileVersion major="1" minor="6" />
	<Project>
		<Option title="UDTP" />
		<Option pch_mode="2" />
		<Option compiler="gcc" />
		<Build>
			<Target title="Debug">
				<Option output="bin/Debug/UDTP" prefix_auto="1" extension_auto="1" />
				<Option object_output="obj/Debug/" />
				<Option type="1" />
				<Option compiler="gcc" />
				<Compiler>
					<Add option="-g" />
				</Compiler>
			</Target>
			<Target title="Release">
				<Option output="bin/Release/UDTP" prefix_auto="1" extension_auto="1" />
				<Option object_output="obj/Release/" />
				<Option type="1" />
				<Option compiler="gcc" />
				<Compiler>
					<Add option="-O2" />
				</Compiler>
				<Linker>
					<Add option="-s" />
				</Linker>
			</Target>
		</Build>
		<Compiler>
			<Add option="-Wall" />
			<Add option="-fexceptions" />
		</Compiler>
		<Linker>
			<Add option="-lpthread" />
		</Linker>
		<Unit filename="UDTP.cpp" />
		<Unit filename="UDTP.h" />
		<Unit filename="UDTPAcknowledge.cpp" />
		<Unit filename="UDTPAcknowledge.h" />
		<Unit filename="UDTPAddress.h" />
		<Unit filename="UDTPChunk.cpp" />
		<Unit filename="UDTPChunk.h" />
		<Unit filename="UDTPData.cpp" />
		<Unit filename="UDTPData.h" />
		<Unit filename="UDTPFile.cpp" />
		<Unit filename="UDTPFile.h" />
		<Unit filename="UDTPFlowThreadData.cpp" />
		<Unit filename="UDTPFlowThreadData.h" />
		<Unit filename="UDTPHandshake.cpp" />
		<Unit filename="UDTPHandshake.h" />
		<Unit filename="UDTPHeader.cpp" />
		<Unit filename="UDTPHeader.h" />
		<Unit filename="UDTPPacket.h" />
		<Unit filename="UDTPPath.cpp" />
		<Unit filename="UDTPPath.h" />
		<Unit filename="UDTPPeer.cpp" />
		<Unit filename="UDTPPeer.h" />
		<Unit filename="UDTPSettings.h" />
		<Unit filename="UDTPSetup.h" />
		<Unit filename="main.cpp" />
		<Extensions>
			<code_completion />
			<debugger />
		</Extensions>
	</Project>
</CodeBlocks_project_file>
